
Microsoft Visual Studio Solution File, Format Version 12.00
# Visual Studio Version 17
VisualStudioVersion = 17.4.33213.308
MinimumVisualStudioVersion = 10.0.40219.1
Project("{9A19103F-16F7-4668-BE54-9A1E7A4F7556}") = "GUI", "Project_V1\GUI.csproj", "{9CC8D6CD-25A7-49C7-8A5A-07D12D008ECC}"
EndProject
Project("{FAE04EC0-301F-11D3-BF4B-00C04F79EFBC}") = "BLL", "BLL\BLL.csproj", "{6126E190-0493-4EDF-A082-200588419ADC}"
EndProject
Project("{FAE04EC0-301F-11D3-BF4B-00C04F79EFBC}") = "DAL", "DAL\DAL.csproj", "{3F932B76-D8F7-4681-A86B-720070896DEB}"
EndProject
Project("{FAE04EC0-301F-11D3-BF4B-00C04F79EFBC}") = "DTO", "DTO\DTO.csproj", "{271641D6-017B-4352-A1EE-11683011BB34}"
EndProject
Project("{FAE04EC0-301F-11D3-BF4B-00C04F79EFBC}") = "PharmacityTest", "PharmacityTest\PharmacityTest.csproj", "{32D6416D-8C95-4903-A2AD-3CDBB2D05408}"
EndProject
Global
	GlobalSection(SolutionConfigurationPlatforms) = preSolution
		Debug|Any CPU = Debug|Any CPU
		Release|Any CPU = Release|Any CPU
	EndGlobalSection
	GlobalSection(ProjectConfigurationPlatforms) = postSolution
		{9CC8D6CD-25A7-49C7-8A5A-07D12D008ECC}.Debug|Any CPU.ActiveCfg = Debug|Any CPU
		{9CC8D6CD-25A7-49C7-8A5A-07D12D008ECC}.Debug|Any CPU.Build.0 = Debug|Any CPU
		{9CC8D6CD-25A7-49C7-8A5A-07D12D008ECC}.Release|Any CPU.ActiveCfg = Release|Any CPU
		{9CC8D6CD-25A7-49C7-8A5A-07D12D008ECC}.Release|Any CPU.Build.0 = Release|Any CPU
		{6126E190-0493-4EDF-A082-200588419ADC}.Debug|Any CPU.ActiveCfg = Debug|Any CPU
		{6126E190-0493-4EDF-A082-200588419ADC}.Debug|Any CPU.Build.0 = Debug|Any CPU
		{6126E190-0493-4EDF-A082-200588419ADC}.Release|Any CPU.ActiveCfg = Release|Any CPU
		{6126E190-0493-4EDF-A082-200588419ADC}.Release|Any CPU.Build.0 = Release|Any CPU
		{3F932B76-D8F7-4681-A86B-720070896DEB}.Debug|Any CPU.ActiveCfg = Debug|Any CPU
		{3F932B76-D8F7-4681-A86B-720070896DEB}.Debug|Any CPU.Build.0 = Debug|Any CPU
		{3F932B76-D8F7-4681-A86B-720070896DEB}.Release|Any CPU.ActiveCfg = Release|Any CPU
		{3F932B76-D8F7-4681-A86B-720070896DEB}.Release|Any CPU.Build.0 = Release|Any CPU
		{271641D6-017B-4352-A1EE-11683011BB34}.Debug|Any CPU.ActiveCfg = Debug|Any CPU
		{271641D6-017B-4352-A1EE-11683011BB34}.Debug|Any CPU.Build.0 = Debug|Any CPU
		{271641D6-017B-4352-A1EE-11683011BB34}.Release|Any CPU.ActiveCfg = Release|Any CPU
		{271641D6-017B-4352-A1EE-11683011BB34}.Release|Any CPU.Build.0 = Release|Any CPU
		{32D6416D-8C95-4903-A2AD-3CDBB2D05408}.Debug|Any CPU.ActiveCfg = Debug|Any CPU
		{32D6416D-8C95-4903-A2AD-3CDBB2D05408}.Debug|Any CPU.Build.0 = Debug|Any CPU
		{32D6416D-8C95-4903-A2AD-3CDBB2D05408}.Release|Any CPU.ActiveCfg = Release|Any CPU
		{32D6416D-8C95-4903-A2AD-3CDBB2D05408}.Release|Any CPU.Build.0 = Release|Any CPU
	EndGlobalSection
	GlobalSection(SolutionProperties) = preSolution
		HideSolutionNode = FALSE
	EndGlobalSection
	GlobalSection(ExtensibilityGlobals) = postSolution
		SolutionGuid = {033D61B6-39FE-4AD7-AFB8-683C59F22F76}
	EndGlobalSection
EndGlobal
